
Microsoft Visual Studio Solution File, Format Version 12.00
# Visual Studio 15
VisualStudioVersion = 15.0.28307.489
MinimumVisualStudioVersion = 10.0.40219.1
Project("{FAE04EC0-301F-11D3-BF4B-00C04F79EFBC}") = "Lands5.Android", "Lands5\Lands5.Android\Lands5.Android.csproj", "{FA028FE3-DA88-4C2C-BE72-D6BBF5D74FEB}"
EndProject
Project("{FAE04EC0-301F-11D3-BF4B-00C04F79EFBC}") = "Lands5.iOS", "Lands5\Lands5.iOS\Lands5.iOS.csproj", "{6AB4D498-A3FE-4E1E-A654-81B65F2A5377}"
EndProject
Project("{FAE04EC0-301F-11D3-BF4B-00C04F79EFBC}") = "Lands5", "Lands5\Lands5\Lands5.csproj", "{A6498320-003D-434E-B9AA-F34F3CC2F47D}"
EndProject
Global
	GlobalSection(SolutionConfigurationPlatforms) = preSolution
		Ad-Hoc|Any CPU = Ad-Hoc|Any CPU
		Ad-Hoc|iPhone = Ad-Hoc|iPhone
		Ad-Hoc|iPhoneSimulator = Ad-Hoc|iPhoneSimulator
		AppStore|Any CPU = AppStore|Any CPU
		AppStore|iPhone = AppStore|iPhone
		AppStore|iPhoneSimulator = AppStore|iPhoneSimulator
		Debug|Any CPU = Debug|Any CPU
		Debug|iPhone = Debug|iPhone
		Debug|iPhoneSimulator = Debug|iPhoneSimulator
		Release|Any CPU = Release|Any CPU
		Release|iPhone = Release|iPhone
		Release|iPhoneSimulator = Release|iPhoneSimulator
	EndGlobalSection
	GlobalSection(ProjectConfigurationPlatforms) = postSolution
		{FA028FE3-DA88-4C2C-BE72-D6BBF5D74FEB}.Ad-Hoc|Any CPU.ActiveCfg = Release|Any CPU
		{FA028FE3-DA88-4C2C-BE72-D6BBF5D74FEB}.Ad-Hoc|Any CPU.Build.0 = Release|Any CPU
		{FA028FE3-DA88-4C2C-BE72-D6BBF5D74FEB}.Ad-Hoc|Any CPU.Deploy.0 = Release|Any CPU
		{FA028FE3-DA88-4C2C-BE72-D6BBF5D74FEB}.Ad-Hoc|iPhone.ActiveCfg = Release|Any CPU
		{FA028FE3-DA88-4C2C-BE72-D6BBF5D74FEB}.Ad-Hoc|iPhone.Build.0 = Release|Any CPU
		{FA028FE3-DA88-4C2C-BE72-D6BBF5D74FEB}.Ad-Hoc|iPhone.Deploy.0 = Release|Any CPU
		{FA028FE3-DA88-4C2C-BE72-D6BBF5D74FEB}.Ad-Hoc|iPhoneSimulator.ActiveCfg = Release|Any CPU
		{FA028FE3-DA88-4C2C-BE72-D6BBF5D74FEB}.Ad-Hoc|iPhoneSimulator.Build.0 = Release|Any CPU
		{FA028FE3-DA88-4C2C-BE72-D6BBF5D74FEB}.Ad-Hoc|iPhoneSimulator.Deploy.0 = Release|Any CPU
		{FA028FE3-DA88-4C2C-BE72-D6BBF5D74FEB}.AppStore|Any CPU.ActiveCfg = Release|Any CPU
		{FA028FE3-DA88-4C2C-BE72-D6BBF5D74FEB}.AppStore|Any CPU.Build.0 = Release|Any CPU
		{FA028FE3-DA88-4C2C-BE72-D6BBF5D74FEB}.AppStore|Any CPU.Deploy.0 = Release|Any CPU
		{FA028FE3-DA88-4C2C-BE72-D6BBF5D74FEB}.AppStore|iPhone.ActiveCfg = Release|Any CPU
		{FA028FE3-DA88-4C2C-BE72-D6BBF5D74FEB}.AppStore|iPhone.Build.0 = Release|Any CPU
		{FA028FE3-DA88-4C2C-BE72-D6BBF5D74FEB}.AppStore|iPhone.Deploy.0 = Release|Any CPU
		{FA028FE3-DA88-4C2C-BE72-D6BBF5D74FEB}.AppStore|iPhoneSimulator.ActiveCfg = Release|Any CPU
		{FA028FE3-DA88-4C2C-BE72-D6BBF5D74FEB}.AppStore|iPhoneSimulator.Build.0 = Release|Any CPU
		{FA028FE3-DA88-4C2C-BE72-D6BBF5D74FEB}.AppStore|iPhoneSimulator.Deploy.0 = Release|Any CPU
		{FA028FE3-DA88-4C2C-BE72-D6BBF5D74FEB}.Debug|Any CPU.ActiveCfg = Debug|Any CPU
		{FA028FE3-DA88-4C2C-BE72-D6BBF5D74FEB}.Debug|Any CPU.Build.0 = Debug|Any CPU
		{FA028FE3-DA88-4C2C-BE72-D6BBF5D74FEB}.Debug|Any CPU.Deploy.0 = Debug|Any CPU
		{FA028FE3-DA88-4C2C-BE72-D6BBF5D74FEB}.Debug|iPhone.ActiveCfg = Debug|Any CPU
		{FA028FE3-DA88-4C2C-BE72-D6BBF5D74FEB}.Debug|iPhone.Build.0 = Debug|Any CPU
		{FA028FE3-DA88-4C2C-BE72-D6BBF5D74FEB}.Debug|iPhone.Deploy.0 = Debug|Any CPU
		{FA028FE3-DA88-4C2C-BE72-D6BBF5D74FEB}.Debug|iPhoneSimulator.ActiveCfg = Debug|Any CPU
		{FA028FE3-DA88-4C2C-BE72-D6BBF5D74FEB}.Debug|iPhoneSimulator.Build.0 = Debug|Any CPU
		{FA028FE3-DA88-4C2C-BE72-D6BBF5D74FEB}.Debug|iPhoneSimulator.Deploy.0 = Debug|Any CPU
		{FA028FE3-DA88-4C2C-BE72-D6BBF5D74FEB}.Release|Any CPU.ActiveCfg = Release|Any CPU
		{FA028FE3-DA88-4C2C-BE72-D6BBF5D74FEB}.Release|Any CPU.Build.0 = Release|Any CPU
		{FA028FE3-DA88-4C2C-BE72-D6BBF5D74FEB}.Release|Any CPU.Deploy.0 = Release|Any CPU
		{FA028FE3-DA88-4C2C-BE72-D6BBF5D74FEB}.Release|iPhone.ActiveCfg = Release|Any CPU
		{FA028FE3-DA88-4C2C-BE72-D6BBF5D74FEB}.Release|iPhone.Build.0 = Release|Any CPU
		{FA028FE3-DA88-4C2C-BE72-D6BBF5D74FEB}.Release|iPhone.Deploy.0 = Release|Any CPU
		{FA028FE3-DA88-4C2C-BE72-D6BBF5D74FEB}.Release|iPhoneSimulator.ActiveCfg = Release|Any CPU
		{FA028FE3-DA88-4C2C-BE72-D6BBF5D74FEB}.Release|iPhoneSimulator.Build.0 = Release|Any CPU
		{FA028FE3-DA88-4C2C-BE72-D6BBF5D74FEB}.Release|iPhoneSimulator.Deploy.0 = Release|Any CPU
		{6AB4D498-A3FE-4E1E-A654-81B65F2A5377}.Ad-Hoc|Any CPU.ActiveCfg = Ad-Hoc|iPhone
		{6AB4D498-A3FE-4E1E-A654-81B65F2A5377}.Ad-Hoc|Any CPU.Build.0 = Ad-Hoc|iPhone
		{6AB4D498-A3FE-4E1E-A654-81B65F2A5377}.Ad-Hoc|Any CPU.Deploy.0 = Ad-Hoc|iPhone
		{6AB4D498-A3FE-4E1E-A654-81B65F2A5377}.Ad-Hoc|iPhone.ActiveCfg = Ad-Hoc|iPhone
		{6AB4D498-A3FE-4E1E-A654-81B65F2A5377}.Ad-Hoc|iPhone.Build.0 = Ad-Hoc|iPhone
		{6AB4D498-A3FE-4E1E-A654-81B65F2A5377}.Ad-Hoc|iPhone.Deploy.0 = Ad-Hoc|iPhone
		{6AB4D498-A3FE-4E1E-A654-81B65F2A5377}.Ad-Hoc|iPhoneSimulator.ActiveCfg = Ad-Hoc|iPhoneSimulator
		{6AB4D498-A3FE-4E1E-A654-81B65F2A5377}.Ad-Hoc|iPhoneSimulator.Build.0 = Ad-Hoc|iPhoneSimulator
		{6AB4D498-A3FE-4E1E-A654-81B65F2A5377}.Ad-Hoc|iPhoneSimulator.Deploy.0 = Ad-Hoc|iPhoneSimulator
		{6AB4D498-A3FE-4E1E-A654-81B65F2A5377}.AppStore|Any CPU.ActiveCfg = AppStore|iPhone
		{6AB4D498-A3FE-4E1E-A654-81B65F2A5377}.AppStore|Any CPU.Build.0 = AppStore|iPhone
		{6AB4D498-A3FE-4E1E-A654-81B65F2A5377}.AppStore|Any CPU.Deploy.0 = AppStore|iPhone
		{6AB4D498-A3FE-4E1E-A654-81B65F2A5377}.AppStore|iPhone.ActiveCfg = AppStore|iPhone
		{6AB4D498-A3FE-4E1E-A654-81B65F2A5377}.AppStore|iPhone.Build.0 = AppStore|iPhone
		{6AB4D498-A3FE-4E1E-A654-81B65F2A5377}.AppStore|iPhone.Deploy.0 = AppStore|iPhone
		{6AB4D498-A3FE-4E1E-A654-81B65F2A5377}.AppStore|iPhoneSimulator.ActiveCfg = AppStore|iPhoneSimulator
		{6AB4D498-A3FE-4E1E-A654-81B65F2A5377}.AppStore|iPhoneSimulator.Build.0 = AppStore|iPhoneSimulator
		{6AB4D498-A3FE-4E1E-A654-81B65F2A5377}.AppStore|iPhoneSimulator.Deploy.0 = AppStore|iPhoneSimulator
		{6AB4D498-A3FE-4E1E-A654-81B65F2A5377}.Debug|Any CPU.ActiveCfg = Debug|iPhoneSimulator
		{6AB4D498-A3FE-4E1E-A654-81B65F2A5377}.Debug|Any CPU.Build.0 = Debug|iPhoneSimulator
		{6AB4D498-A3FE-4E1E-A654-81B65F2A5377}.Debug|Any CPU.Deploy.0 = Debug|iPhoneSimulator
		{6AB4D498-A3FE-4E1E-A654-81B65F2A5377}.Debug|iPhone.ActiveCfg = Debug|iPhone
		{6AB4D498-A3FE-4E1E-A654-81B65F2A5377}.Debug|iPhone.Build.0 = Debug|iPhone
		{6AB4D498-A3FE-4E1E-A654-81B65F2A5377}.Debug|iPhone.Deploy.0 = Debug|iPhone
		{6AB4D498-A3FE-4E1E-A654-81B65F2A5377}.Debug|iPhoneSimulator.ActiveCfg = Debug|iPhoneSimulator
		{6AB4D498-A3FE-4E1E-A654-81B65F2A5377}.Debug|iPhoneSimulator.Build.0 = Debug|iPhoneSimulator
		{6AB4D498-A3FE-4E1E-A654-81B65F2A5377}.Debug|iPhoneSimulator.Deploy.0 = Debug|iPhoneSimulator
		{6AB4D498-A3FE-4E1E-A654-81B65F2A5377}.Release|Any CPU.ActiveCfg = Release|iPhone
		{6AB4D498-A3FE-4E1E-A654-81B65F2A5377}.Release|Any CPU.Build.0 = Release|iPhone
		{6AB4D498-A3FE-4E1E-A654-81B65F2A5377}.Release|Any CPU.Deploy.0 = Release|iPhone
		{6AB4D498-A3FE-4E1E-A654-81B65F2A5377}.Release|iPhone.ActiveCfg = Release|iPhone
		{6AB4D498-A3FE-4E1E-A654-81B65F2A5377}.Release|iPhone.Build.0 = Release|iPhone
		{6AB4D498-A3FE-4E1E-A654-81B65F2A5377}.Release|iPhone.Deploy.0 = Release|iPhone
		{6AB4D498-A3FE-4E1E-A654-81B65F2A5377}.Release|iPhoneSimulator.ActiveCfg = Release|iPhoneSimulator
		{6AB4D498-A3FE-4E1E-A654-81B65F2A5377}.Release|iPhoneSimulator.Build.0 = Release|iPhoneSimulator
		{6AB4D498-A3FE-4E1E-A654-81B65F2A5377}.Release|iPhoneSimulator.Deploy.0 = Release|iPhoneSimulator
		{A6498320-003D-434E-B9AA-F34F3CC2F47D}.Ad-Hoc|Any CPU.ActiveCfg = Debug|Any CPU
		{A6498320-003D-434E-B9AA-F34F3CC2F47D}.Ad-Hoc|Any CPU.Build.0 = Debug|Any CPU
		{A6498320-003D-434E-B9AA-F34F3CC2F47D}.Ad-Hoc|Any CPU.Deploy.0 = Debug|Any CPU
		{A6498320-003D-434E-B9AA-F34F3CC2F47D}.Ad-Hoc|iPhone.ActiveCfg = Debug|Any CPU
		{A6498320-003D-434E-B9AA-F34F3CC2F47D}.Ad-Hoc|iPhone.Build.0 = Debug|Any CPU
		{A6498320-003D-434E-B9AA-F34F3CC2F47D}.Ad-Hoc|iPhone.Deploy.0 = Debug|Any CPU
		{A6498320-003D-434E-B9AA-F34F3CC2F47D}.Ad-Hoc|iPhoneSimulator.ActiveCfg = Debug|Any CPU
		{A6498320-003D-434E-B9AA-F34F3CC2F47D}.Ad-Hoc|iPhoneSimulator.Build.0 = Debug|Any CPU
		{A6498320-003D-434E-B9AA-F34F3CC2F47D}.Ad-Hoc|iPhoneSimulator.Deploy.0 = Debug|Any CPU
		{A6498320-003D-434E-B9AA-F34F3CC2F47D}.AppStore|Any CPU.ActiveCfg = Debug|Any CPU
		{A6498320-003D-434E-B9AA-F34F3CC2F47D}.AppStore|Any CPU.Build.0 = Debug|Any CPU
		{A6498320-003D-434E-B9AA-F34F3CC2F47D}.AppStore|Any CPU.Deploy.0 = Debug|Any CPU
		{A6498320-003D-434E-B9AA-F34F3CC2F47D}.AppStore|iPhone.ActiveCfg = Debug|Any CPU
		{A6498320-003D-434E-B9AA-F34F3CC2F47D}.AppStore|iPhone.Build.0 = Debug|Any CPU
		{A6498320-003D-434E-B9AA-F34F3CC2F47D}.AppStore|iPhone.Deploy.0 = Debug|Any CPU
		{A6498320-003D-434E-B9AA-F34F3CC2F47D}.AppStore|iPhoneSimulator.ActiveCfg = Debug|Any CPU
		{A6498320-003D-434E-B9AA-F34F3CC2F47D}.AppStore|iPhoneSimulator.Build.0 = Debug|Any CPU
		{A6498320-003D-434E-B9AA-F34F3CC2F47D}.AppStore|iPhoneSimulator.Deploy.0 = Debug|Any CPU
		{A6498320-003D-434E-B9AA-F34F3CC2F47D}.Debug|Any CPU.ActiveCfg = Debug|Any CPU
		{A6498320-003D-434E-B9AA-F34F3CC2F47D}.Debug|Any CPU.Build.0 = Debug|Any CPU
		{A6498320-003D-434E-B9AA-F34F3CC2F47D}.Debug|Any CPU.Deploy.0 = Debug|Any CPU
		{A6498320-003D-434E-B9AA-F34F3CC2F47D}.Debug|iPhone.ActiveCfg = Debug|Any CPU
		{A6498320-003D-434E-B9AA-F34F3CC2F47D}.Debug|iPhone.Build.0 = Debug|Any CPU
		{A6498320-003D-434E-B9AA-F34F3CC2F47D}.Debug|iPhone.Deploy.0 = Debug|Any CPU
		{A6498320-003D-434E-B9AA-F34F3CC2F47D}.Debug|iPhoneSimulator.ActiveCfg = Debug|Any CPU
		{A6498320-003D-434E-B9AA-F34F3CC2F47D}.Debug|iPhoneSimulator.Build.0 = Debug|Any CPU
		{A6498320-003D-434E-B9AA-F34F3CC2F47D}.Debug|iPhoneSimulator.Deploy.0 = Debug|Any CPU
		{A6498320-003D-434E-B9AA-F34F3CC2F47D}.Release|Any CPU.ActiveCfg = Release|Any CPU
		{A6498320-003D-434E-B9AA-F34F3CC2F47D}.Release|Any CPU.Build.0 = Release|Any CPU
		{A6498320-003D-434E-B9AA-F34F3CC2F47D}.Release|Any CPU.Deploy.0 = Release|Any CPU
		{A6498320-003D-434E-B9AA-F34F3CC2F47D}.Release|iPhone.ActiveCfg = Release|Any CPU
		{A6498320-003D-434E-B9AA-F34F3CC2F47D}.Release|iPhone.Build.0 = Release|Any CPU
		{A6498320-003D-434E-B9AA-F34F3CC2F47D}.Release|iPhone.Deploy.0 = Release|Any CPU
		{A6498320-003D-434E-B9AA-F34F3CC2F47D}.Release|iPhoneSimulator.ActiveCfg = Release|Any CPU
		{A6498320-003D-434E-B9AA-F34F3CC2F47D}.Release|iPhoneSimulator.Build.0 = Release|Any CPU
		{A6498320-003D-434E-B9AA-F34F3CC2F47D}.Release|iPhoneSimulator.Deploy.0 = Release|Any CPU
	EndGlobalSection
	GlobalSection(SolutionProperties) = preSolution
		HideSolutionNode = FALSE
	EndGlobalSection
	GlobalSection(ExtensibilityGlobals) = postSolution
		SolutionGuid = {53C30A02-855D-4C40-9048-C01BFC3591ED}
	EndGlobalSection
EndGlobal
